
Microsoft Visual Studio Solution File, Format Version 12.00
# Visual Studio 2015
Project("{FAE04EC0-301F-11D3-BF4B-00C04F79EFBC}") = "RelouGame", "RelouGame.csproj", "{B74E44B2-175E-C21C-6760-4975DE405F14}"
EndProject
Global
	GlobalSection(SolutionConfigurationPlatforms) = preSolution
		Debug|Any CPU = Debug|Any CPU
		Release|Any CPU = Release|Any CPU
	EndGlobalSection
	GlobalSection(ProjectConfigurationPlatforms) = postSolution
		{B74E44B2-175E-C21C-6760-4975DE405F14}.Debug|Any CPU.ActiveCfg = Debug|Any CPU
		{B74E44B2-175E-C21C-6760-4975DE405F14}.Debug|Any CPU.Build.0 = Debug|Any CPU
		{B74E44B2-175E-C21C-6760-4975DE405F14}.Release|Any CPU.ActiveCfg = Release|Any CPU
		{B74E44B2-175E-C21C-6760-4975DE405F14}.Release|Any CPU.Build.0 = Release|Any CPU
	EndGlobalSection
	GlobalSection(SolutionProperties) = preSolution
		HideSolutionNode = FALSE
	EndGlobalSection
EndGlobal
